
Microsoft Visual Studio Solution File, Format Version 12.00
# Visual Studio Version 17
VisualStudioVersion = 17.3.32901.215
MinimumVisualStudioVersion = 10.0.40219.1
Project("{FAE04EC0-301F-11D3-BF4B-00C04F79EFBC}") = "ornek1", "ornek1\ornek1.csproj", "{15E902CC-36E7-41F6-BC92-7CCE8DECFC14}"
EndProject
Global
	GlobalSection(SolutionConfigurationPlatforms) = preSolution
		Debug|Any CPU = Debug|Any CPU
		Release|Any CPU = Release|Any CPU
	EndGlobalSection
	GlobalSection(ProjectConfigurationPlatforms) = postSolution
		{15E902CC-36E7-41F6-BC92-7CCE8DECFC14}.Debug|Any CPU.ActiveCfg = Debug|Any CPU
		{15E902CC-36E7-41F6-BC92-7CCE8DECFC14}.Debug|Any CPU.Build.0 = Debug|Any CPU
		{15E902CC-36E7-41F6-BC92-7CCE8DECFC14}.Release|Any CPU.ActiveCfg = Release|Any CPU
		{15E902CC-36E7-41F6-BC92-7CCE8DECFC14}.Release|Any CPU.Build.0 = Release|Any CPU
	EndGlobalSection
	GlobalSection(SolutionProperties) = preSolution
		HideSolutionNode = FALSE
	EndGlobalSection
	GlobalSection(ExtensibilityGlobals) = postSolution
		SolutionGuid = {69ACC851-AB33-4DF3-B788-3F2A6AB78886}
	EndGlobalSection
EndGlobal
